
Microsoft Visual Studio Solution File, Format Version 12.00
# Visual Studio 2013
VisualStudioVersion = 12.0.31101.0
MinimumVisualStudioVersion = 10.0.40219.1
Project("{FAE04EC0-301F-11D3-BF4B-00C04F79EFBC}") = "WidgetService", "WidgetService\WidgetService.csproj", "{41AE17CC-8CB0-4F39-BB4D-3A15DF01136B}"
EndProject
Project("{2150E333-8FDC-42A3-9474-1A3956D46DE8}") = "PublishScripts", "PublishScripts", "{2BF6376A-8CC2-41C6-ABE6-9CB3BA9F9F23}"
	ProjectSection(SolutionItems) = preProject
		PublishScripts\AzureWebsitePublishModule.psm1 = PublishScripts\AzureWebsitePublishModule.psm1
		PublishScripts\Publish-WebApplicationWebsite.ps1 = PublishScripts\Publish-WebApplicationWebsite.ps1
	EndProjectSection
EndProject
Project("{2150E333-8FDC-42A3-9474-1A3956D46DE8}") = "Configurations", "Configurations", "{57E0F2B2-6D6F-4A39-8AB1-B24E0C481ECB}"
	ProjectSection(SolutionItems) = preProject
		PublishScripts\Configurations\WidgetService-WAWS-dev.json = PublishScripts\Configurations\WidgetService-WAWS-dev.json
	EndProjectSection
EndProject
Project("{2150E333-8FDC-42A3-9474-1A3956D46DE8}") = ".nuget", ".nuget", "{53701DA0-B72A-4A26-BABA-EAAE0DEA8C78}"
	ProjectSection(SolutionItems) = preProject
		.nuget\packages.config = .nuget\packages.config
	EndProjectSection
EndProject
Global
	GlobalSection(SolutionConfigurationPlatforms) = preSolution
		Debug|Any CPU = Debug|Any CPU
		Release|Any CPU = Release|Any CPU
	EndGlobalSection
	GlobalSection(ProjectConfigurationPlatforms) = postSolution
		{41AE17CC-8CB0-4F39-BB4D-3A15DF01136B}.Debug|Any CPU.ActiveCfg = Debug|Any CPU
		{41AE17CC-8CB0-4F39-BB4D-3A15DF01136B}.Debug|Any CPU.Build.0 = Debug|Any CPU
		{41AE17CC-8CB0-4F39-BB4D-3A15DF01136B}.Release|Any CPU.ActiveCfg = Release|Any CPU
		{41AE17CC-8CB0-4F39-BB4D-3A15DF01136B}.Release|Any CPU.Build.0 = Release|Any CPU
	EndGlobalSection
	GlobalSection(SolutionProperties) = preSolution
		HideSolutionNode = FALSE
	EndGlobalSection
	GlobalSection(NestedProjects) = preSolution
		{57E0F2B2-6D6F-4A39-8AB1-B24E0C481ECB} = {2BF6376A-8CC2-41C6-ABE6-9CB3BA9F9F23}
	EndGlobalSection
EndGlobal
