
Microsoft Visual Studio Solution File, Format Version 12.00
# Visual Studio 2013
VisualStudioVersion = 12.0.31101.0
MinimumVisualStudioVersion = 10.0.40219.1
Project("{FAE04EC0-301F-11D3-BF4B-00C04F79EFBC}") = "PresenationDemo", "PresenationDemo\PresenationDemo.csproj", "{92FFC90E-84E0-41E9-B036-2860BF28EFBF}"
EndProject
Project("{FAE04EC0-301F-11D3-BF4B-00C04F79EFBC}") = "PresenationDemo.iOS", "iOS\PresenationDemo.iOS.csproj", "{DFC40B6C-F87C-45AC-8B6A-71F1FC2530BB}"
EndProject
Project("{FAE04EC0-301F-11D3-BF4B-00C04F79EFBC}") = "PresenationDemo.Droid", "Droid\PresenationDemo.Droid.csproj", "{38E9A95E-B6EF-40F1-BDF3-FAD39BB2F1FF}"
EndProject
Project("{2150E333-8FDC-42A3-9474-1A3956D46DE8}") = ".nuget", ".nuget", "{45DEF7FF-4453-48AF-AC18-DE085FA6F0D1}"
	ProjectSection(SolutionItems) = preProject
		.nuget\NuGet.Config = .nuget\NuGet.Config
		.nuget\NuGet.exe = .nuget\NuGet.exe
		.nuget\NuGet.targets = .nuget\NuGet.targets
	EndProjectSection
EndProject
Project("{FAE04EC0-301F-11D3-BF4B-00C04F79EFBC}") = "PresentationDemo.Windows", "PresentationDemo.Windows\PresentationDemo.Windows.csproj", "{4F1D6D50-6F53-4AF3-87D9-2A62630A7C18}"
EndProject
Global
	GlobalSection(SolutionConfigurationPlatforms) = preSolution
		Ad-Hoc|Any CPU = Ad-Hoc|Any CPU
		Ad-Hoc|ARM = Ad-Hoc|ARM
		Ad-Hoc|iPhone = Ad-Hoc|iPhone
		Ad-Hoc|iPhoneSimulator = Ad-Hoc|iPhoneSimulator
		Ad-Hoc|Mixed Platforms = Ad-Hoc|Mixed Platforms
		Ad-Hoc|x86 = Ad-Hoc|x86
		AppStore|Any CPU = AppStore|Any CPU
		AppStore|ARM = AppStore|ARM
		AppStore|iPhone = AppStore|iPhone
		AppStore|iPhoneSimulator = AppStore|iPhoneSimulator
		AppStore|Mixed Platforms = AppStore|Mixed Platforms
		AppStore|x86 = AppStore|x86
		Debug|Any CPU = Debug|Any CPU
		Debug|ARM = Debug|ARM
		Debug|iPhone = Debug|iPhone
		Debug|iPhoneSimulator = Debug|iPhoneSimulator
		Debug|Mixed Platforms = Debug|Mixed Platforms
		Debug|x86 = Debug|x86
		Release|Any CPU = Release|Any CPU
		Release|ARM = Release|ARM
		Release|iPhone = Release|iPhone
		Release|iPhoneSimulator = Release|iPhoneSimulator
		Release|Mixed Platforms = Release|Mixed Platforms
		Release|x86 = Release|x86
	EndGlobalSection
	GlobalSection(ProjectConfigurationPlatforms) = postSolution
		{92FFC90E-84E0-41E9-B036-2860BF28EFBF}.Ad-Hoc|Any CPU.ActiveCfg = Release|Any CPU
		{92FFC90E-84E0-41E9-B036-2860BF28EFBF}.Ad-Hoc|Any CPU.Build.0 = Release|Any CPU
		{92FFC90E-84E0-41E9-B036-2860BF28EFBF}.Ad-Hoc|ARM.ActiveCfg = Debug|Any CPU
		{92FFC90E-84E0-41E9-B036-2860BF28EFBF}.Ad-Hoc|iPhone.ActiveCfg = Debug|Any CPU
		{92FFC90E-84E0-41E9-B036-2860BF28EFBF}.Ad-Hoc|iPhone.Build.0 = Debug|Any CPU
		{92FFC90E-84E0-41E9-B036-2860BF28EFBF}.Ad-Hoc|iPhoneSimulator.ActiveCfg = Release|Any CPU
		{92FFC90E-84E0-41E9-B036-2860BF28EFBF}.Ad-Hoc|Mixed Platforms.ActiveCfg = Debug|Any CPU
		{92FFC90E-84E0-41E9-B036-2860BF28EFBF}.Ad-Hoc|Mixed Platforms.Build.0 = Debug|Any CPU
		{92FFC90E-84E0-41E9-B036-2860BF28EFBF}.Ad-Hoc|x86.ActiveCfg = Debug|Any CPU
		{92FFC90E-84E0-41E9-B036-2860BF28EFBF}.AppStore|Any CPU.ActiveCfg = Release|Any CPU
		{92FFC90E-84E0-41E9-B036-2860BF28EFBF}.AppStore|Any CPU.Build.0 = Release|Any CPU
		{92FFC90E-84E0-41E9-B036-2860BF28EFBF}.AppStore|ARM.ActiveCfg = Debug|Any CPU
		{92FFC90E-84E0-41E9-B036-2860BF28EFBF}.AppStore|iPhone.ActiveCfg = Debug|Any CPU
		{92FFC90E-84E0-41E9-B036-2860BF28EFBF}.AppStore|iPhone.Build.0 = Debug|Any CPU
		{92FFC90E-84E0-41E9-B036-2860BF28EFBF}.AppStore|iPhoneSimulator.ActiveCfg = Release|Any CPU
		{92FFC90E-84E0-41E9-B036-2860BF28EFBF}.AppStore|Mixed Platforms.ActiveCfg = Debug|Any CPU
		{92FFC90E-84E0-41E9-B036-2860BF28EFBF}.AppStore|Mixed Platforms.Build.0 = Debug|Any CPU
		{92FFC90E-84E0-41E9-B036-2860BF28EFBF}.AppStore|x86.ActiveCfg = Debug|Any CPU
		{92FFC90E-84E0-41E9-B036-2860BF28EFBF}.Debug|Any CPU.ActiveCfg = Debug|Any CPU
		{92FFC90E-84E0-41E9-B036-2860BF28EFBF}.Debug|Any CPU.Build.0 = Debug|Any CPU
		{92FFC90E-84E0-41E9-B036-2860BF28EFBF}.Debug|ARM.ActiveCfg = Debug|Any CPU
		{92FFC90E-84E0-41E9-B036-2860BF28EFBF}.Debug|iPhone.ActiveCfg = Debug|Any CPU
		{92FFC90E-84E0-41E9-B036-2860BF28EFBF}.Debug|iPhone.Build.0 = Debug|Any CPU
		{92FFC90E-84E0-41E9-B036-2860BF28EFBF}.Debug|iPhoneSimulator.ActiveCfg = Debug|Any CPU
		{92FFC90E-84E0-41E9-B036-2860BF28EFBF}.Debug|iPhoneSimulator.Build.0 = Debug|Any CPU
		{92FFC90E-84E0-41E9-B036-2860BF28EFBF}.Debug|Mixed Platforms.ActiveCfg = Debug|Any CPU
		{92FFC90E-84E0-41E9-B036-2860BF28EFBF}.Debug|Mixed Platforms.Build.0 = Debug|Any CPU
		{92FFC90E-84E0-41E9-B036-2860BF28EFBF}.Debug|x86.ActiveCfg = Debug|Any CPU
		{92FFC90E-84E0-41E9-B036-2860BF28EFBF}.Release|Any CPU.ActiveCfg = Release|Any CPU
		{92FFC90E-84E0-41E9-B036-2860BF28EFBF}.Release|Any CPU.Build.0 = Release|Any CPU
		{92FFC90E-84E0-41E9-B036-2860BF28EFBF}.Release|ARM.ActiveCfg = Release|Any CPU
		{92FFC90E-84E0-41E9-B036-2860BF28EFBF}.Release|iPhone.ActiveCfg = Release|Any CPU
		{92FFC90E-84E0-41E9-B036-2860BF28EFBF}.Release|iPhone.Build.0 = Release|Any CPU
		{92FFC90E-84E0-41E9-B036-2860BF28EFBF}.Release|iPhoneSimulator.ActiveCfg = Release|Any CPU
		{92FFC90E-84E0-41E9-B036-2860BF28EFBF}.Release|iPhoneSimulator.Build.0 = Release|Any CPU
		{92FFC90E-84E0-41E9-B036-2860BF28EFBF}.Release|Mixed Platforms.ActiveCfg = Release|Any CPU
		{92FFC90E-84E0-41E9-B036-2860BF28EFBF}.Release|Mixed Platforms.Build.0 = Release|Any CPU
		{92FFC90E-84E0-41E9-B036-2860BF28EFBF}.Release|x86.ActiveCfg = Release|Any CPU
		{DFC40B6C-F87C-45AC-8B6A-71F1FC2530BB}.Ad-Hoc|Any CPU.ActiveCfg = Ad-Hoc|iPhoneSimulator
		{DFC40B6C-F87C-45AC-8B6A-71F1FC2530BB}.Ad-Hoc|ARM.ActiveCfg = Ad-Hoc|iPhone
		{DFC40B6C-F87C-45AC-8B6A-71F1FC2530BB}.Ad-Hoc|iPhone.ActiveCfg = Ad-Hoc|iPhone
		{DFC40B6C-F87C-45AC-8B6A-71F1FC2530BB}.Ad-Hoc|iPhone.Build.0 = Ad-Hoc|iPhone
		{DFC40B6C-F87C-45AC-8B6A-71F1FC2530BB}.Ad-Hoc|iPhoneSimulator.ActiveCfg = Ad-Hoc|iPhoneSimulator
		{DFC40B6C-F87C-45AC-8B6A-71F1FC2530BB}.Ad-Hoc|iPhoneSimulator.Build.0 = Ad-Hoc|iPhoneSimulator
		{DFC40B6C-F87C-45AC-8B6A-71F1FC2530BB}.Ad-Hoc|Mixed Platforms.ActiveCfg = Ad-Hoc|iPhone
		{DFC40B6C-F87C-45AC-8B6A-71F1FC2530BB}.Ad-Hoc|Mixed Platforms.Build.0 = Ad-Hoc|iPhone
		{DFC40B6C-F87C-45AC-8B6A-71F1FC2530BB}.Ad-Hoc|x86.ActiveCfg = Ad-Hoc|iPhone
		{DFC40B6C-F87C-45AC-8B6A-71F1FC2530BB}.AppStore|Any CPU.ActiveCfg = AppStore|iPhoneSimulator
		{DFC40B6C-F87C-45AC-8B6A-71F1FC2530BB}.AppStore|ARM.ActiveCfg = AppStore|iPhone
		{DFC40B6C-F87C-45AC-8B6A-71F1FC2530BB}.AppStore|iPhone.ActiveCfg = AppStore|iPhone
		{DFC40B6C-F87C-45AC-8B6A-71F1FC2530BB}.AppStore|iPhone.Build.0 = AppStore|iPhone
		{DFC40B6C-F87C-45AC-8B6A-71F1FC2530BB}.AppStore|iPhoneSimulator.ActiveCfg = AppStore|iPhoneSimulator
		{DFC40B6C-F87C-45AC-8B6A-71F1FC2530BB}.AppStore|iPhoneSimulator.Build.0 = AppStore|iPhoneSimulator
		{DFC40B6C-F87C-45AC-8B6A-71F1FC2530BB}.AppStore|Mixed Platforms.ActiveCfg = AppStore|iPhone
		{DFC40B6C-F87C-45AC-8B6A-71F1FC2530BB}.AppStore|Mixed Platforms.Build.0 = AppStore|iPhone
		{DFC40B6C-F87C-45AC-8B6A-71F1FC2530BB}.AppStore|x86.ActiveCfg = AppStore|iPhone
		{DFC40B6C-F87C-45AC-8B6A-71F1FC2530BB}.Debug|Any CPU.ActiveCfg = Debug|iPhoneSimulator
		{DFC40B6C-F87C-45AC-8B6A-71F1FC2530BB}.Debug|Any CPU.Build.0 = Debug|iPhoneSimulator
		{DFC40B6C-F87C-45AC-8B6A-71F1FC2530BB}.Debug|ARM.ActiveCfg = Debug|iPhone
		{DFC40B6C-F87C-45AC-8B6A-71F1FC2530BB}.Debug|iPhone.ActiveCfg = Debug|iPhone
		{DFC40B6C-F87C-45AC-8B6A-71F1FC2530BB}.Debug|iPhone.Build.0 = Debug|iPhone
		{DFC40B6C-F87C-45AC-8B6A-71F1FC2530BB}.Debug|iPhoneSimulator.ActiveCfg = Debug|iPhoneSimulator
		{DFC40B6C-F87C-45AC-8B6A-71F1FC2530BB}.Debug|iPhoneSimulator.Build.0 = Debug|iPhoneSimulator
		{DFC40B6C-F87C-45AC-8B6A-71F1FC2530BB}.Debug|Mixed Platforms.ActiveCfg = Debug|iPhone
		{DFC40B6C-F87C-45AC-8B6A-71F1FC2530BB}.Debug|Mixed Platforms.Build.0 = Debug|iPhone
		{DFC40B6C-F87C-45AC-8B6A-71F1FC2530BB}.Debug|x86.ActiveCfg = Debug|iPhone
		{DFC40B6C-F87C-45AC-8B6A-71F1FC2530BB}.Release|Any CPU.ActiveCfg = Release|iPhoneSimulator
		{DFC40B6C-F87C-45AC-8B6A-71F1FC2530BB}.Release|Any CPU.Build.0 = Release|iPhoneSimulator
		{DFC40B6C-F87C-45AC-8B6A-71F1FC2530BB}.Release|ARM.ActiveCfg = Release|iPhone
		{DFC40B6C-F87C-45AC-8B6A-71F1FC2530BB}.Release|iPhone.ActiveCfg = Release|iPhone
		{DFC40B6C-F87C-45AC-8B6A-71F1FC2530BB}.Release|iPhone.Build.0 = Release|iPhone
		{DFC40B6C-F87C-45AC-8B6A-71F1FC2530BB}.Release|iPhoneSimulator.ActiveCfg = Release|iPhoneSimulator
		{DFC40B6C-F87C-45AC-8B6A-71F1FC2530BB}.Release|iPhoneSimulator.Build.0 = Release|iPhoneSimulator
		{DFC40B6C-F87C-45AC-8B6A-71F1FC2530BB}.Release|Mixed Platforms.ActiveCfg = Release|iPhone
		{DFC40B6C-F87C-45AC-8B6A-71F1FC2530BB}.Release|Mixed Platforms.Build.0 = Release|iPhone
		{DFC40B6C-F87C-45AC-8B6A-71F1FC2530BB}.Release|x86.ActiveCfg = Release|iPhone
		{38E9A95E-B6EF-40F1-BDF3-FAD39BB2F1FF}.Ad-Hoc|Any CPU.ActiveCfg = Debug|Any CPU
		{38E9A95E-B6EF-40F1-BDF3-FAD39BB2F1FF}.Ad-Hoc|Any CPU.Build.0 = Debug|Any CPU
		{38E9A95E-B6EF-40F1-BDF3-FAD39BB2F1FF}.Ad-Hoc|Any CPU.Deploy.0 = Debug|Any CPU
		{38E9A95E-B6EF-40F1-BDF3-FAD39BB2F1FF}.Ad-Hoc|ARM.ActiveCfg = Release|Any CPU
		{38E9A95E-B6EF-40F1-BDF3-FAD39BB2F1FF}.Ad-Hoc|iPhone.ActiveCfg = Release|Any CPU
		{38E9A95E-B6EF-40F1-BDF3-FAD39BB2F1FF}.Ad-Hoc|iPhone.Build.0 = Release|Any CPU
		{38E9A95E-B6EF-40F1-BDF3-FAD39BB2F1FF}.Ad-Hoc|iPhoneSimulator.ActiveCfg = Debug|Any CPU
		{38E9A95E-B6EF-40F1-BDF3-FAD39BB2F1FF}.Ad-Hoc|Mixed Platforms.ActiveCfg = Release|Any CPU
		{38E9A95E-B6EF-40F1-BDF3-FAD39BB2F1FF}.Ad-Hoc|x86.ActiveCfg = Release|Any CPU
		{38E9A95E-B6EF-40F1-BDF3-FAD39BB2F1FF}.AppStore|Any CPU.ActiveCfg = Debug|Any CPU
		{38E9A95E-B6EF-40F1-BDF3-FAD39BB2F1FF}.AppStore|Any CPU.Build.0 = Debug|Any CPU
		{38E9A95E-B6EF-40F1-BDF3-FAD39BB2F1FF}.AppStore|Any CPU.Deploy.0 = Debug|Any CPU
		{38E9A95E-B6EF-40F1-BDF3-FAD39BB2F1FF}.AppStore|ARM.ActiveCfg = Release|Any CPU
		{38E9A95E-B6EF-40F1-BDF3-FAD39BB2F1FF}.AppStore|iPhone.ActiveCfg = Release|Any CPU
		{38E9A95E-B6EF-40F1-BDF3-FAD39BB2F1FF}.AppStore|iPhone.Build.0 = Release|Any CPU
		{38E9A95E-B6EF-40F1-BDF3-FAD39BB2F1FF}.AppStore|iPhoneSimulator.ActiveCfg = Debug|Any CPU
		{38E9A95E-B6EF-40F1-BDF3-FAD39BB2F1FF}.AppStore|Mixed Platforms.ActiveCfg = Release|Any CPU
		{38E9A95E-B6EF-40F1-BDF3-FAD39BB2F1FF}.AppStore|x86.ActiveCfg = Release|Any CPU
		{38E9A95E-B6EF-40F1-BDF3-FAD39BB2F1FF}.Debug|Any CPU.ActiveCfg = Debug|Any CPU
		{38E9A95E-B6EF-40F1-BDF3-FAD39BB2F1FF}.Debug|Any CPU.Build.0 = Debug|Any CPU
		{38E9A95E-B6EF-40F1-BDF3-FAD39BB2F1FF}.Debug|ARM.ActiveCfg = Debug|Any CPU
		{38E9A95E-B6EF-40F1-BDF3-FAD39BB2F1FF}.Debug|iPhone.ActiveCfg = Debug|Any CPU
		{38E9A95E-B6EF-40F1-BDF3-FAD39BB2F1FF}.Debug|iPhone.Build.0 = Debug|Any CPU
		{38E9A95E-B6EF-40F1-BDF3-FAD39BB2F1FF}.Debug|iPhoneSimulator.ActiveCfg = Debug|Any CPU
		{38E9A95E-B6EF-40F1-BDF3-FAD39BB2F1FF}.Debug|iPhoneSimulator.Build.0 = Debug|Any CPU
		{38E9A95E-B6EF-40F1-BDF3-FAD39BB2F1FF}.Debug|Mixed Platforms.ActiveCfg = Debug|Any CPU
		{38E9A95E-B6EF-40F1-BDF3-FAD39BB2F1FF}.Debug|x86.ActiveCfg = Debug|Any CPU
		{38E9A95E-B6EF-40F1-BDF3-FAD39BB2F1FF}.Release|Any CPU.ActiveCfg = Release|Any CPU
		{38E9A95E-B6EF-40F1-BDF3-FAD39BB2F1FF}.Release|Any CPU.Build.0 = Release|Any CPU
		{38E9A95E-B6EF-40F1-BDF3-FAD39BB2F1FF}.Release|ARM.ActiveCfg = Release|Any CPU
		{38E9A95E-B6EF-40F1-BDF3-FAD39BB2F1FF}.Release|iPhone.ActiveCfg = Release|Any CPU
		{38E9A95E-B6EF-40F1-BDF3-FAD39BB2F1FF}.Release|iPhone.Build.0 = Release|Any CPU
		{38E9A95E-B6EF-40F1-BDF3-FAD39BB2F1FF}.Release|iPhoneSimulator.ActiveCfg = Release|Any CPU
		{38E9A95E-B6EF-40F1-BDF3-FAD39BB2F1FF}.Release|iPhoneSimulator.Build.0 = Release|Any CPU
		{38E9A95E-B6EF-40F1-BDF3-FAD39BB2F1FF}.Release|Mixed Platforms.ActiveCfg = Release|Any CPU
		{38E9A95E-B6EF-40F1-BDF3-FAD39BB2F1FF}.Release|x86.ActiveCfg = Release|Any CPU
		{4F1D6D50-6F53-4AF3-87D9-2A62630A7C18}.Ad-Hoc|Any CPU.ActiveCfg = Release|Any CPU
		{4F1D6D50-6F53-4AF3-87D9-2A62630A7C18}.Ad-Hoc|Any CPU.Build.0 = Release|Any CPU
		{4F1D6D50-6F53-4AF3-87D9-2A62630A7C18}.Ad-Hoc|Any CPU.Deploy.0 = Release|Any CPU
		{4F1D6D50-6F53-4AF3-87D9-2A62630A7C18}.Ad-Hoc|ARM.ActiveCfg = Release|ARM
		{4F1D6D50-6F53-4AF3-87D9-2A62630A7C18}.Ad-Hoc|ARM.Build.0 = Release|ARM
		{4F1D6D50-6F53-4AF3-87D9-2A62630A7C18}.Ad-Hoc|ARM.Deploy.0 = Release|ARM
		{4F1D6D50-6F53-4AF3-87D9-2A62630A7C18}.Ad-Hoc|iPhone.ActiveCfg = Release|Any CPU
		{4F1D6D50-6F53-4AF3-87D9-2A62630A7C18}.Ad-Hoc|iPhoneSimulator.ActiveCfg = Release|Any CPU
		{4F1D6D50-6F53-4AF3-87D9-2A62630A7C18}.Ad-Hoc|Mixed Platforms.ActiveCfg = Release|x86
		{4F1D6D50-6F53-4AF3-87D9-2A62630A7C18}.Ad-Hoc|Mixed Platforms.Build.0 = Release|x86
		{4F1D6D50-6F53-4AF3-87D9-2A62630A7C18}.Ad-Hoc|Mixed Platforms.Deploy.0 = Release|x86
		{4F1D6D50-6F53-4AF3-87D9-2A62630A7C18}.Ad-Hoc|x86.ActiveCfg = Release|x86
		{4F1D6D50-6F53-4AF3-87D9-2A62630A7C18}.Ad-Hoc|x86.Build.0 = Release|x86
		{4F1D6D50-6F53-4AF3-87D9-2A62630A7C18}.Ad-Hoc|x86.Deploy.0 = Release|x86
		{4F1D6D50-6F53-4AF3-87D9-2A62630A7C18}.AppStore|Any CPU.ActiveCfg = Release|Any CPU
		{4F1D6D50-6F53-4AF3-87D9-2A62630A7C18}.AppStore|Any CPU.Build.0 = Release|Any CPU
		{4F1D6D50-6F53-4AF3-87D9-2A62630A7C18}.AppStore|Any CPU.Deploy.0 = Release|Any CPU
		{4F1D6D50-6F53-4AF3-87D9-2A62630A7C18}.AppStore|ARM.ActiveCfg = Release|ARM
		{4F1D6D50-6F53-4AF3-87D9-2A62630A7C18}.AppStore|ARM.Build.0 = Release|ARM
		{4F1D6D50-6F53-4AF3-87D9-2A62630A7C18}.AppStore|ARM.Deploy.0 = Release|ARM
		{4F1D6D50-6F53-4AF3-87D9-2A62630A7C18}.AppStore|iPhone.ActiveCfg = Release|Any CPU
		{4F1D6D50-6F53-4AF3-87D9-2A62630A7C18}.AppStore|iPhoneSimulator.ActiveCfg = Release|Any CPU
		{4F1D6D50-6F53-4AF3-87D9-2A62630A7C18}.AppStore|Mixed Platforms.ActiveCfg = Release|x86
		{4F1D6D50-6F53-4AF3-87D9-2A62630A7C18}.AppStore|Mixed Platforms.Build.0 = Release|x86
		{4F1D6D50-6F53-4AF3-87D9-2A62630A7C18}.AppStore|Mixed Platforms.Deploy.0 = Release|x86
		{4F1D6D50-6F53-4AF3-87D9-2A62630A7C18}.AppStore|x86.ActiveCfg = Release|x86
		{4F1D6D50-6F53-4AF3-87D9-2A62630A7C18}.AppStore|x86.Build.0 = Release|x86
		{4F1D6D50-6F53-4AF3-87D9-2A62630A7C18}.AppStore|x86.Deploy.0 = Release|x86
		{4F1D6D50-6F53-4AF3-87D9-2A62630A7C18}.Debug|Any CPU.ActiveCfg = Debug|Any CPU
		{4F1D6D50-6F53-4AF3-87D9-2A62630A7C18}.Debug|Any CPU.Build.0 = Debug|Any CPU
		{4F1D6D50-6F53-4AF3-87D9-2A62630A7C18}.Debug|Any CPU.Deploy.0 = Debug|Any CPU
		{4F1D6D50-6F53-4AF3-87D9-2A62630A7C18}.Debug|ARM.ActiveCfg = Debug|ARM
		{4F1D6D50-6F53-4AF3-87D9-2A62630A7C18}.Debug|ARM.Build.0 = Debug|ARM
		{4F1D6D50-6F53-4AF3-87D9-2A62630A7C18}.Debug|ARM.Deploy.0 = Debug|ARM
		{4F1D6D50-6F53-4AF3-87D9-2A62630A7C18}.Debug|iPhone.ActiveCfg = Debug|Any CPU
		{4F1D6D50-6F53-4AF3-87D9-2A62630A7C18}.Debug|iPhone.Build.0 = Debug|Any CPU
		{4F1D6D50-6F53-4AF3-87D9-2A62630A7C18}.Debug|iPhone.Deploy.0 = Debug|Any CPU
		{4F1D6D50-6F53-4AF3-87D9-2A62630A7C18}.Debug|iPhoneSimulator.ActiveCfg = Debug|Any CPU
		{4F1D6D50-6F53-4AF3-87D9-2A62630A7C18}.Debug|Mixed Platforms.ActiveCfg = Debug|x86
		{4F1D6D50-6F53-4AF3-87D9-2A62630A7C18}.Debug|Mixed Platforms.Build.0 = Debug|x86
		{4F1D6D50-6F53-4AF3-87D9-2A62630A7C18}.Debug|Mixed Platforms.Deploy.0 = Debug|x86
		{4F1D6D50-6F53-4AF3-87D9-2A62630A7C18}.Debug|x86.ActiveCfg = Debug|x86
		{4F1D6D50-6F53-4AF3-87D9-2A62630A7C18}.Debug|x86.Build.0 = Debug|x86
		{4F1D6D50-6F53-4AF3-87D9-2A62630A7C18}.Debug|x86.Deploy.0 = Debug|x86
		{4F1D6D50-6F53-4AF3-87D9-2A62630A7C18}.Release|Any CPU.ActiveCfg = Release|Any CPU
		{4F1D6D50-6F53-4AF3-87D9-2A62630A7C18}.Release|Any CPU.Build.0 = Release|Any CPU
		{4F1D6D50-6F53-4AF3-87D9-2A62630A7C18}.Release|Any CPU.Deploy.0 = Release|Any CPU
		{4F1D6D50-6F53-4AF3-87D9-2A62630A7C18}.Release|ARM.ActiveCfg = Release|ARM
		{4F1D6D50-6F53-4AF3-87D9-2A62630A7C18}.Release|ARM.Build.0 = Release|ARM
		{4F1D6D50-6F53-4AF3-87D9-2A62630A7C18}.Release|ARM.Deploy.0 = Release|ARM
		{4F1D6D50-6F53-4AF3-87D9-2A62630A7C18}.Release|iPhone.ActiveCfg = Release|Any CPU
		{4F1D6D50-6F53-4AF3-87D9-2A62630A7C18}.Release|iPhoneSimulator.ActiveCfg = Release|Any CPU
		{4F1D6D50-6F53-4AF3-87D9-2A62630A7C18}.Release|Mixed Platforms.ActiveCfg = Release|x86
		{4F1D6D50-6F53-4AF3-87D9-2A62630A7C18}.Release|Mixed Platforms.Build.0 = Release|x86
		{4F1D6D50-6F53-4AF3-87D9-2A62630A7C18}.Release|Mixed Platforms.Deploy.0 = Release|x86
		{4F1D6D50-6F53-4AF3-87D9-2A62630A7C18}.Release|x86.ActiveCfg = Release|x86
		{4F1D6D50-6F53-4AF3-87D9-2A62630A7C18}.Release|x86.Build.0 = Release|x86
		{4F1D6D50-6F53-4AF3-87D9-2A62630A7C18}.Release|x86.Deploy.0 = Release|x86
	EndGlobalSection
	GlobalSection(SolutionProperties) = preSolution
		HideSolutionNode = FALSE
	EndGlobalSection
EndGlobal
